
Microsoft Visual Studio Solution File, Format Version 12.00
# Visual Studio 15
VisualStudioVersion = 15.0.28307.572
MinimumVisualStudioVersion = 10.0.40219.1
Project("{FAE04EC0-301F-11D3-BF4B-00C04F79EFBC}") = "LockFreeHashTable", "LockFreeHashTable\LockFreeHashTable.csproj", "{A846FB24-E405-42C4-AA85-8EA0C7929355}"
EndProject
Project("{FAE04EC0-301F-11D3-BF4B-00C04F79EFBC}") = "SXM", "SXM\SXM.csproj", "{7C2F5D76-4B12-4F43-BA63-9C14AD818288}"
EndProject
Global
	GlobalSection(SolutionConfigurationPlatforms) = preSolution
		Debug|Any CPU = Debug|Any CPU
		Release|Any CPU = Release|Any CPU
	EndGlobalSection
	GlobalSection(ProjectConfigurationPlatforms) = postSolution
		{A846FB24-E405-42C4-AA85-8EA0C7929355}.Debug|Any CPU.ActiveCfg = Debug|Any CPU
		{A846FB24-E405-42C4-AA85-8EA0C7929355}.Debug|Any CPU.Build.0 = Debug|Any CPU
		{A846FB24-E405-42C4-AA85-8EA0C7929355}.Release|Any CPU.ActiveCfg = Release|Any CPU
		{A846FB24-E405-42C4-AA85-8EA0C7929355}.Release|Any CPU.Build.0 = Release|Any CPU
		{7C2F5D76-4B12-4F43-BA63-9C14AD818288}.Debug|Any CPU.ActiveCfg = Debug|Any CPU
		{7C2F5D76-4B12-4F43-BA63-9C14AD818288}.Debug|Any CPU.Build.0 = Debug|Any CPU
		{7C2F5D76-4B12-4F43-BA63-9C14AD818288}.Release|Any CPU.ActiveCfg = Release|Any CPU
		{7C2F5D76-4B12-4F43-BA63-9C14AD818288}.Release|Any CPU.Build.0 = Release|Any CPU
	EndGlobalSection
	GlobalSection(SolutionProperties) = preSolution
		HideSolutionNode = FALSE
	EndGlobalSection
	GlobalSection(ExtensibilityGlobals) = postSolution
		SolutionGuid = {9BAD588F-B294-48E3-A7E5-2709EFEFDBF8}
	EndGlobalSection
EndGlobal
